// !$*UTF8*$!
{
	archiveVersion = 1;
	classes = {
	};
	objectVersion = 48;
	objects = {

/* Begin PBXBuildFile section */
		58A0AA8C1FFFE1A900BE5CAF /* AppDelegate.swift in Sources */ = {isa = PBXBuildFile; fileRef = 58A0AA8B1FFFE1A900BE5CAF /* AppDelegate.swift */; };
		58A0AA8E1FFFE1A900BE5CAF /* ViewController.swift in Sources */ = {isa = PBXBuildFile; fileRef = 58A0AA8D1FFFE1A900BE5CAF /* ViewController.swift */; };
		58A0AA911FFFE1A900BE5CAF /* Main.storyboard in Resources */ = {isa = PBXBuildFile; fileRef = 58A0AA8F1FFFE1A900BE5CAF /* Main.storyboard */; };
		58A0AA931FFFE1A900BE5CAF /* Assets.xcassets in Resources */ = {isa = PBXBuildFile; fileRef = 58A0AA921FFFE1A900BE5CAF /* Assets.xcassets */; };
		58A0AA961FFFE1A900BE5CAF /* LaunchScreen.storyboard in Resources */ = {isa = PBXBuildFile; fileRef = 58A0AA941FFFE1A900BE5CAF /* LaunchScreen.storyboard */; };
/* End PBXBuildFile section */

/* Begin PBXFileReference section */
		58A0AA881FFFE1A900BE5CAF /* PlayingCardsStanfordLesson.app */ = {isa = PBXFileReference; explicitFileType = wrapper.application; includeInIndex = 0; path = PlayingCardsStanfordLesson.app; sourceTree = BUILT_PRODUCTS_DIR; };
		58A0AA8B1FFFE1A900BE5CAF /* AppDelegate.swift */ = {isa = PBXFileReference; lastKnownFileType = sourcecode.swift; path = AppDelegate.swift; sourceTree = "<group>"; };
		58A0AA8D1FFFE1A900BE5CAF /* ViewController.swift */ = {isa = PBXFileReference; lastKnownFileType = sourcecode.swift; path = ViewController.swift; sourceTree = "<group>"; };
		58A0AA901FFFE1A900BE5CAF /* Base */ = {isa = PBXFileReference; lastKnownFileType = file.storyboard; name = Base; path = Base.lproj/Main.storyboard; sourceTree = "<group>"; };
		58A0AA921FFFE1A900BE5CAF /* Assets.xcassets */ = {isa = PBXFileReference; lastKnownFileType = folder.assetcatalog; path = Assets.xcassets; sourceTree = "<group>"; };
		58A0AA951FFFE1A900BE5CAF /* Base */ = {isa = PBXFileReference; lastKnownFileType = file.storyboard; name = Base; path = Base.lproj/LaunchScreen.storyboard; sourceTree = "<group>"; };
		58A0AA971FFFE1A900BE5CAF /* Info.plist */ = {isa = PBXFileReference; lastKnownFileType = text.plist.xml; path = Info.plist; sourceTree = "<group>"; };
/* End PBXFileReference section */

/* Begin PBXFrameworksBuildPhase section */
		58A0AA851FFFE1A900BE5CAF /* Frameworks */ = {
			isa = PBXFrameworksBuildPhase;
			buildActionMask = 2147483647;
			files = (
			);
			runOnlyForDeploymentPostprocessing = 0;
		};
/* End PBXFrameworksBuildPhase section */

/* Begin PBXGroup section */
		58A0AA7F1FFFE1A900BE5CAF = {
			isa = PBXGroup;
			children = (
				58A0AA8A1FFFE1A900BE5CAF /* PlayingCardsStanfordLesson */,
				58A0AA891FFFE1A900BE5CAF /* Products */,
			);
			sourceTree = "<group>";
		};
		58A0AA891FFFE1A900BE5CAF /* Products */ = {
			isa = PBXGroup;
			children = (
				58A0AA881FFFE1A900BE5CAF /* PlayingCardsStanfordLesson.app */,
			);
			name = Products;
			sourceTree = "<group>";
		};
		58A0AA8A1FFFE1A900BE5CAF /* PlayingCardsStanfordLesson */ = {
			isa = PBXGroup;
			children = (
				58A0AA8B1FFFE1A900BE5CAF /* AppDelegate.swift */,
				58A0AA8D1FFFE1A900BE5CAF /* ViewController.swift */,
				58A0AA8F1FFFE1A900BE5CAF /* Main.storyboard */,
				58A0AA921FFFE1A900BE5CAF /* Assets.xcassets */,
				58A0AA941FFFE1A900BE5CAF /* LaunchScreen.storyboard */,
				58A0AA971FFFE1A900BE5CAF /* Info.plist */,
			);
			path = PlayingCardsStanfordLesson;
			sourceTree = "<group>";
		};
/* End PBXGroup section */

/* Begin PBXNativeTarget section */
		58A0AA871FFFE1A900BE5CAF /* PlayingCardsStanfordLesson */ = {
			isa = PBXNativeTarget;
			buildConfigurationList = 58A0AA9A1FFFE1A900BE5CAF /* Build configuration list for PBXNativeTarget "PlayingCardsStanfordLesson" */;
			buildPhases = (
				58A0AA841FFFE1A900BE5CAF /* Sources */,
				58A0AA851FFFE1A900BE5CAF /* Frameworks */,
				58A0AA861FFFE1A900BE5CAF /* Resources */,
			);
			buildRules = (
			);
			dependencies = (
			);
			name = PlayingCardsStanfordLesson;
			productName = PlayingCardsStanfordLesson;
			productReference = 58A0AA881FFFE1A900BE5CAF /* PlayingCardsStanfordLesson.app */;
			productType = "com.apple.product-type.application";
		};
/* End PBXNativeTarget section */

/* Begin PBXProject section */
		58A0AA801FFFE1A900BE5CAF /* Project object */ = {
			isa = PBXProject;
			attributes = {
				LastSwiftUpdateCheck = 0920;
				LastUpgradeCheck = 0920;
				ORGANIZATIONNAME = "Ramdan Korkelia";
				TargetAttributes = {
					58A0AA871FFFE1A900BE5CAF = {
						CreatedOnToolsVersion = 9.2;
						ProvisioningStyle = Automatic;
					};
				};
			};
			buildConfigurationList = 58A0AA831FFFE1A900BE5CAF /* Build configuration list for PBXProject "PlayingCardsStanfordLesson" */;
			compatibilityVersion = "Xcode 8.0";
			developmentRegion = en;
			hasScannedForEncodings = 0;
			knownRegions = (
				en,
				Base,
			);
			mainGroup = 58A0AA7F1FFFE1A900BE5CAF;
			productRefGroup = 58A0AA891FFFE1A900BE5CAF /* Products */;
			projectDirPath = "";
			projectRoot = "";
			targets = (
				58A0AA871FFFE1A900BE5CAF /* PlayingCardsStanfordLesson */,
			);
		};
/* End PBXProject section */

/* Begin PBXResourcesBuildPhase section */
		58A0AA861FFFE1A900BE5CAF /* Resources */ = {
			isa = PBXResourcesBuildPhase;
			buildActionMask = 2147483647;
			files = (
				58A0AA961FFFE1A900BE5CAF /* LaunchScreen.storyboard in Resources */,
				58A0AA931FFFE1A900BE5CAF /* Assets.xcassets in Resources */,
				58A0AA911FFFE1A900BE5CAF /* Main.storyboard in Resources */,
			);
			runOnlyForDeploymentPostprocessing = 0;
		};
/* End PBXResourcesBuildPhase section */

/* Begin PBXSourcesBuildPhase section */
		58A0AA841FFFE1A900BE5CAF /* Sources */ = {
			isa = PBXSourcesBuildPhase;
			buildActionMask = 2147483647;
			files = (
				58A0AA8E1FFFE1A900BE5CAF /* ViewController.swift in Sources */,
				58A0AA8C1FFFE1A900BE5CAF /* AppDelegate.swift in Sources */,
			);
			runOnlyForDeploymentPostprocessing = 0;
		};
/* End PBXSourcesBuildPhase section */

/* Begin PBXVariantGroup section */
		58A0AA8F1FFFE1A900BE5CAF /* Main.storyboard */ = {
			isa = PBXVariantGroup;
			children = (
				58A0AA901FFFE1A900BE5CAF /* Base */,
			);
			name = Main.storyboard;
			sourceTree = "<group>";
		};
		58A0AA941FFFE1A900BE5CAF /* LaunchScreen.storyboard */ = {
			isa = PBXVariantGroup;
			children = (
				58A0AA951FFFE1A900BE5CAF /* Base */,
			);
			name = LaunchScreen.storyboard;
			sourceTree = "<group>";
		};
/* End PBXVariantGroup section */

/* Begin XCBuildConfiguration section */
		58A0AA981FFFE1A900BE5CAF /* Debug */ = {
			isa = XCBuildConfiguration;
			buildSettings = {
				ALWAYS_SEARCH_USER_PATHS = NO;
				CLANG_ANALYZER_NONNULL = YES;
				CLANG_ANALYZER_NUMBER_OBJECT_CONVERSION = YES_AGGRESSIVE;
				CLANG_CXX_LANGUAGE_STANDARD = "gnu++14";
				CLANG_CXX_LIBRARY = "libc++";
				CLANG_ENABLE_MODULES = YES;
				CLANG_ENABLE_OBJC_ARC = YES;
				CLANG_WARN_BLOCK_CAPTURE_AUTORELEASING = YES;
				CLANG_WARN_BOOL_CONVERSION = YES;
				CLANG_WARN_COMMA = YES;
				CLANG_WARN_CONSTANT_CONVERSION = YES;
				CLANG_WARN_DIRECT_OBJC_ISA_USAGE = YES_ERROR;
				CLANG_WARN_DOCUMENTATION_COMMENTS = YES;
				CLANG_WARN_EMPTY_BODY = YES;
				CLANG_WARN_ENUM_CONVERSION = YES;
				CLANG_WARN_INFINITE_RECURSION = YES;
				CLANG_WARN_INT_CONVERSION = YES;
				CLANG_WARN_NON_LITERAL_NULL_CONVERSION = YES;
				CLANG_WARN_OBJC_LITERAL_CONVERSION = YES;
				CLANG_WARN_OBJC_ROOT_CLASS = YES_ERROR;
				CLANG_WARN_RANGE_LOOP_ANALYSIS = YES;
				CLANG_WARN_STRICT_PROTOTYPES = YES;
				CLANG_WARN_SUSPICIOUS_MOVE = YES;
				CLANG_WARN_UNGUARDED_AVAILABILITY = YES_AGGRESSIVE;
				CLANG_WARN_UNREACHABLE_CODE = YES;
				CLANG_WARN__DUPLICATE_METHOD_MATCH = YES;
				CODE_SIGN_IDENTITY = "iPhone Developer";
				COPY_PHASE_STRIP = NO;
				DEBUG_INFORMATION_FORMAT = dwarf;
				ENABLE_STRICT_OBJC_MSGSEND = YES;
				ENABLE_TESTABILITY = YES;
				GCC_C_LANGUAGE_STANDARD = gnu11;
				GCC_DYNAMIC_NO_PIC = NO;
				GCC_NO_COMMON_BLOCKS = YES;
				GCC_OPTIMIZATION_LEVEL = 0;
				GCC_PREPROCESSOR_DEFINITIONS = (
					"DEBUG=1",
					"$(inherited)",
				);
				GCC_WARN_64_TO_32_BIT_CONVERSION = YES;
				GCC_WARN_ABOUT_RETURN_TYPE = YES_ERROR;
				GCC_WARN_UNDECLARED_SELECTOR = YES;
				GCC_WARN_UNINITIALIZED_AUTOS = YES_AGGRESSIVE;
				GCC_WARN_UNUSED_FUNCTION = YES;
				GCC_WARN_UNUSED_VARIABLE = YES;
				IPHONEOS_DEPLOYMENT_TARGET = 11.2;
				MTL_ENABLE_DEBUG_INFO = YES;
				ONLY_ACTIVE_ARCH = YES;
				SDKROOT = iphoneos;
				SWIFT_ACTIVE_COMPILATION_CONDITIONS = DEBUG;
				SWIFT_OPTIMIZATION_LEVEL = "-Onone";
			};
			name = Debug;
		};
		58A0AA991FFFE1A900BE5CAF /* Release */ = {
			isa = XCBuildConfiguration;
			buildSettings = {
				ALWAYS_SEARCH_USER_PATHS = NO;
				CLANG_ANALYZER_NONNULL = YES;
				CLANG_ANALYZER_NUMBER_OBJECT_CONVERSION = YES_AGGRESSIVE;
				CLANG_CXX_LANGUAGE_STANDARD = "gnu++14";
				CLANG_CXX_LIBRARY = "libc++";
				CLANG_ENABLE_MODULES = YES;
				CLANG_ENABLE_OBJC_ARC = YES;
				CLANG_WARN_BLOCK_CAPTURE_AUTORELEASING = YES;
				CLANG_WARN_BOOL_CONVERSION = YES;
				CLANG_WARN_COMMA = YES;
				CLANG_WARN_CONSTANT_CONVERSION = YES;
				CLANG_WARN_DIRECT_OBJC_ISA_USAGE = YES_ERROR;
				CLANG_WARN_DOCUMENTATION_COMMENTS = YES;
				CLANG_WARN_EMPTY_BODY = YES;
				CLANG_WARN_ENUM_CONVERSION = YES;
				CLANG_WARN_INFINITE_RECURSION = YES;
				CLANG_WARN_INT_CONVERSION = YES;
				CLANG_WARN_NON_LITERAL_NULL_CONVERSION = YES;
				CLANG_WARN_OBJC_LITERAL_CONVERSION = YES;
				CLANG_WARN_OBJC_ROOT_CLASS = YES_ERROR;
				CLANG_WARN_RANGE_LOOP_ANALYSIS = YES;
				CLANG_WARN_STRICT_PROTOTYPES = YES;
				CLANG_WARN_SUSPICIOUS_MOVE = YES;
				CLANG_WARN_UNGUARDED_AVAILABILITY = YES_AGGRESSIVE;
				CLANG_WARN_UNREACHABLE_CODE = YES;
				CLANG_WARN__DUPLICATE_METHOD_MATCH = YES;
				CODE_SIGN_IDENTITY = "iPhone Developer";
				COPY_PHASE_STRIP = NO;
				DEBUG_INFORMATION_FORMAT = "dwarf-with-dsym";
				ENABLE_NS_ASSERTIONS = NO;
				ENABLE_STRICT_OBJC_MSGSEND = YES;
				GCC_C_LANGUAGE_STANDARD = gnu11;
				GCC_NO_COMMON_BLOCKS = YES;
				GCC_WARN_64_TO_32_BIT_CONVERSION = YES;
				GCC_WARN_ABOUT_RETURN_TYPE = YES_ERROR;
				GCC_WARN_UNDECLARED_SELECTOR = YES;
				GCC_WARN_UNINITIALIZED_AUTOS = YES_AGGRESSIVE;
				GCC_WARN_UNUSED_FUNCTION = YES;
				GCC_WARN_UNUSED_VARIABLE = YES;
				IPHONEOS_DEPLOYMENT_TARGET = 11.2;
				MTL_ENABLE_DEBUG_INFO = NO;
				SDKROOT = iphoneos;
				SWIFT_OPTIMIZATION_LEVEL = "-Owholemodule";
				VALIDATE_PRODUCT = YES;
			};
			name = Release;
		};
		58A0AA9B1FFFE1A900BE5CAF /* Debug */ = {
			isa = XCBuildConfiguration;
			buildSettings = {
				ASSETCATALOG_COMPILER_APPICON_NAME = AppIcon;
				CODE_SIGN_STYLE = Automatic;
				INFOPLIST_FILE = PlayingCardsStanfordLesson/Info.plist;
				LD_RUNPATH_SEARCH_PATHS = "$(inherited) @executable_path/Frameworks";
				PRODUCT_BUNDLE_IDENTIFIER = com.ramdankorkelia.PlayingCardsStanfordLesson;
				PRODUCT_NAME = "$(TARGET_NAME)";
				SWIFT_VERSION = 4.0;
				TARGETED_DEVICE_FAMILY = "1,2";
			};
			name = Debug;
		};
		58A0AA9C1FFFE1A900BE5CAF /* Release */ = {
			isa = XCBuildConfiguration;
			buildSettings = {
				ASSETCATALOG_COMPILER_APPICON_NAME = AppIcon;
				CODE_SIGN_STYLE = Automatic;
				INFOPLIST_FILE = PlayingCardsStanfordLesson/Info.plist;
				LD_RUNPATH_SEARCH_PATHS = "$(inherited) @executable_path/Frameworks";
				PRODUCT_BUNDLE_IDENTIFIER = com.ramdankorkelia.PlayingCardsStanfordLesson;
				PRODUCT_NAME = "$(TARGET_NAME)";
				SWIFT_VERSION = 4.0;
				TARGETED_DEVICE_FAMILY = "1,2";
			};
			name = Release;
		};
/* End XCBuildConfiguration section */

/* Begin XCConfigurationList section */
		58A0AA831FFFE1A900BE5CAF /* Build configuration list for PBXProject "PlayingCardsStanfordLesson" */ = {
			isa = XCConfigurationList;
			buildConfigurations = (
				58A0AA981FFFE1A900BE5CAF /* Debug */,
				58A0AA991FFFE1A900BE5CAF /* Release */,
			);
			defaultConfigurationIsVisible = 0;
			defaultConfigurationName = Release;
		};
		58A0AA9A1FFFE1A900BE5CAF /* Build configuration list for PBXNativeTarget "PlayingCardsStanfordLesson" */ = {
			isa = XCConfigurationList;
			buildConfigurations = (
				58A0AA9B1FFFE1A900BE5CAF /* Debug */,
				58A0AA9C1FFFE1A900BE5CAF /* Release */,
			);
			defaultConfigurationIsVisible = 0;
			defaultConfigurationName = Release;
		};
/* End XCConfigurationList section */
	};
	rootObject = 58A0AA801FFFE1A900BE5CAF /* Project object */;
}
